
Microsoft Visual Studio Solution File, Format Version 12.00
# Visual Studio Version 17
VisualStudioVersion = 17.2.32630.192
MinimumVisualStudioVersion = 10.0.40219.1
Project("{FAE04EC0-301F-11D3-BF4B-00C04F79EFBC}") = "ProgrammmF0rFlekSSS", "ProgrammmF0rFlekSSS\ProgrammmF0rFlekSSS.csproj", "{2CB98ED6-19AF-43DF-9FFB-A712E189B78A}"
EndProject
Global
	GlobalSection(SolutionConfigurationPlatforms) = preSolution
		Debug|Any CPU = Debug|Any CPU
		Release|Any CPU = Release|Any CPU
	EndGlobalSection
	GlobalSection(ProjectConfigurationPlatforms) = postSolution
		{2CB98ED6-19AF-43DF-9FFB-A712E189B78A}.Debug|Any CPU.ActiveCfg = Debug|Any CPU
		{2CB98ED6-19AF-43DF-9FFB-A712E189B78A}.Debug|Any CPU.Build.0 = Debug|Any CPU
		{2CB98ED6-19AF-43DF-9FFB-A712E189B78A}.Release|Any CPU.ActiveCfg = Release|Any CPU
		{2CB98ED6-19AF-43DF-9FFB-A712E189B78A}.Release|Any CPU.Build.0 = Release|Any CPU
	EndGlobalSection
	GlobalSection(SolutionProperties) = preSolution
		HideSolutionNode = FALSE
	EndGlobalSection
	GlobalSection(ExtensibilityGlobals) = postSolution
		SolutionGuid = {31369244-77C5-4FDA-B991-177930CD749F}
	EndGlobalSection
EndGlobal
